// !$*UTF8*$!
{
	archiveVersion = 1;
	classes = {
	};
	objectVersion = 56;
	objects = {

/* Begin PBXBuildFile section */
		845491462A5FA70700DEA382 /* CircleImage.swift in Sources */ = {isa = PBXBuildFile; fileRef = 845491452A5FA70700DEA382 /* CircleImage.swift */; };
		845491482A5FA92700DEA382 /* Map.swift in Sources */ = {isa = PBXBuildFile; fileRef = 845491472A5FA92700DEA382 /* Map.swift */; };
		8454914A2A5FC61F00DEA382 /* Landmark.swift in Sources */ = {isa = PBXBuildFile; fileRef = 845491492A5FC61F00DEA382 /* Landmark.swift */; };
		8454914C2A5FC86700DEA382 /* Model.swift in Sources */ = {isa = PBXBuildFile; fileRef = 8454914B2A5FC86700DEA382 /* Model.swift */; };
		845491692A5FCA9400DEA382 /* landmarkData.json in Resources */ = {isa = PBXBuildFile; fileRef = 8454915C2A5FCA9400DEA382 /* landmarkData.json */; };
		8454916B2A5FCB2A00DEA382 /* LandmarkRow.swift in Sources */ = {isa = PBXBuildFile; fileRef = 8454916A2A5FCB2A00DEA382 /* LandmarkRow.swift */; };
		AFB16FB129B7585400C54CDF /* CS193pApp.swift in Sources */ = {isa = PBXBuildFile; fileRef = AFB16FB029B7585400C54CDF /* CS193pApp.swift */; };
		AFB16FB329B7585400C54CDF /* ContentView.swift in Sources */ = {isa = PBXBuildFile; fileRef = AFB16FB229B7585400C54CDF /* ContentView.swift */; };
		AFB16FB529B7585500C54CDF /* Assets.xcassets in Resources */ = {isa = PBXBuildFile; fileRef = AFB16FB429B7585500C54CDF /* Assets.xcassets */; };
		AFB16FB829B7585500C54CDF /* Preview Assets.xcassets in Resources */ = {isa = PBXBuildFile; fileRef = AFB16FB729B7585500C54CDF /* Preview Assets.xcassets */; };
/* End PBXBuildFile section */

/* Begin PBXFileReference section */
		845491452A5FA70700DEA382 /* CircleImage.swift */ = {isa = PBXFileReference; lastKnownFileType = sourcecode.swift; path = CircleImage.swift; sourceTree = "<group>"; };
		845491472A5FA92700DEA382 /* Map.swift */ = {isa = PBXFileReference; lastKnownFileType = sourcecode.swift; path = Map.swift; sourceTree = "<group>"; };
		845491492A5FC61F00DEA382 /* Landmark.swift */ = {isa = PBXFileReference; lastKnownFileType = sourcecode.swift; path = Landmark.swift; sourceTree = "<group>"; };
		8454914B2A5FC86700DEA382 /* Model.swift */ = {isa = PBXFileReference; lastKnownFileType = sourcecode.swift; path = Model.swift; sourceTree = "<group>"; };
		8454915C2A5FCA9400DEA382 /* landmarkData.json */ = {isa = PBXFileReference; fileEncoding = 4; lastKnownFileType = text.json; path = landmarkData.json; sourceTree = "<group>"; };
		8454916A2A5FCB2A00DEA382 /* LandmarkRow.swift */ = {isa = PBXFileReference; lastKnownFileType = sourcecode.swift; path = LandmarkRow.swift; sourceTree = "<group>"; };
		AFB16FAD29B7585400C54CDF /* CS193p.app */ = {isa = PBXFileReference; explicitFileType = wrapper.application; includeInIndex = 0; path = CS193p.app; sourceTree = BUILT_PRODUCTS_DIR; };
		AFB16FB029B7585400C54CDF /* CS193pApp.swift */ = {isa = PBXFileReference; lastKnownFileType = sourcecode.swift; path = CS193pApp.swift; sourceTree = "<group>"; };
		AFB16FB229B7585400C54CDF /* ContentView.swift */ = {isa = PBXFileReference; lastKnownFileType = sourcecode.swift; path = ContentView.swift; sourceTree = "<group>"; };
		AFB16FB429B7585500C54CDF /* Assets.xcassets */ = {isa = PBXFileReference; lastKnownFileType = folder.assetcatalog; path = Assets.xcassets; sourceTree = "<group>"; };
		AFB16FB729B7585500C54CDF /* Preview Assets.xcassets */ = {isa = PBXFileReference; lastKnownFileType = folder.assetcatalog; path = "Preview Assets.xcassets"; sourceTree = "<group>"; };
/* End PBXFileReference section */

/* Begin PBXFrameworksBuildPhase section */
		AFB16FAA29B7585400C54CDF /* Frameworks */ = {
			isa = PBXFrameworksBuildPhase;
			buildActionMask = 2147483647;
			files = (
			);
			runOnlyForDeploymentPostprocessing = 0;
		};
/* End PBXFrameworksBuildPhase section */

/* Begin PBXGroup section */
		8454914D2A5FCA9400DEA382 /* Resources */ = {
			isa = PBXGroup;
			children = (
				8454915C2A5FCA9400DEA382 /* landmarkData.json */,
			);
			path = Resources;
			sourceTree = "<group>";
		};
		8454916C2A5FCD5E00DEA382 /* Views */ = {
			isa = PBXGroup;
			children = (
				AFB16FB229B7585400C54CDF /* ContentView.swift */,
				845491452A5FA70700DEA382 /* CircleImage.swift */,
				845491472A5FA92700DEA382 /* Map.swift */,
				8454916A2A5FCB2A00DEA382 /* LandmarkRow.swift */,
			);
			path = Views;
			sourceTree = "<group>";
		};
		8454916D2A5FCD6D00DEA382 /* App */ = {
			isa = PBXGroup;
			children = (
				AFB16FB029B7585400C54CDF /* CS193pApp.swift */,
			);
			path = App;
			sourceTree = "<group>";
		};
		8454916E2A5FCD7900DEA382 /* Modles */ = {
			isa = PBXGroup;
			children = (
				8454914B2A5FC86700DEA382 /* Model.swift */,
				845491492A5FC61F00DEA382 /* Landmark.swift */,
			);
			path = Modles;
			sourceTree = "<group>";
		};
		AFB16FA429B7585400C54CDF = {
			isa = PBXGroup;
			children = (
				AFB16FAF29B7585400C54CDF /* CS193p */,
				AFB16FAE29B7585400C54CDF /* Products */,
			);
			sourceTree = "<group>";
		};
		AFB16FAE29B7585400C54CDF /* Products */ = {
			isa = PBXGroup;
			children = (
				AFB16FAD29B7585400C54CDF /* CS193p.app */,
			);
			name = Products;
			sourceTree = "<group>";
		};
		AFB16FAF29B7585400C54CDF /* CS193p */ = {
			isa = PBXGroup;
			children = (
				8454916D2A5FCD6D00DEA382 /* App */,
				8454916C2A5FCD5E00DEA382 /* Views */,
				8454916E2A5FCD7900DEA382 /* Modles */,
				8454914D2A5FCA9400DEA382 /* Resources */,
				AFB16FB429B7585500C54CDF /* Assets.xcassets */,
				AFB16FB629B7585500C54CDF /* Preview Content */,
			);
			path = CS193p;
			sourceTree = "<group>";
		};
		AFB16FB629B7585500C54CDF /* Preview Content */ = {
			isa = PBXGroup;
			children = (
				AFB16FB729B7585500C54CDF /* Preview Assets.xcassets */,
			);
			path = "Preview Content";
			sourceTree = "<group>";
		};
/* End PBXGroup section */

/* Begin PBXNativeTarget section */
		AFB16FAC29B7585400C54CDF /* CS193p */ = {
			isa = PBXNativeTarget;
			buildConfigurationList = AFB16FBB29B7585500C54CDF /* Build configuration list for PBXNativeTarget "CS193p" */;
			buildPhases = (
				AFB16FA929B7585400C54CDF /* Sources */,
				AFB16FAA29B7585400C54CDF /* Frameworks */,
				AFB16FAB29B7585400C54CDF /* Resources */,
			);
			buildRules = (
			);
			dependencies = (
			);
			name = CS193p;
			productName = CS193p;
			productReference = AFB16FAD29B7585400C54CDF /* CS193p.app */;
			productType = "com.apple.product-type.application";
		};
/* End PBXNativeTarget section */

/* Begin PBXProject section */
		AFB16FA529B7585400C54CDF /* Project object */ = {
			isa = PBXProject;
			attributes = {
				BuildIndependentTargetsInParallel = 1;
				LastSwiftUpdateCheck = 1420;
				LastUpgradeCheck = 1420;
				TargetAttributes = {
					AFB16FAC29B7585400C54CDF = {
						CreatedOnToolsVersion = 14.2;
					};
				};
			};
			buildConfigurationList = AFB16FA829B7585400C54CDF /* Build configuration list for PBXProject "CS193p" */;
			compatibilityVersion = "Xcode 14.0";
			developmentRegion = en;
			hasScannedForEncodings = 0;
			knownRegions = (
				en,
				Base,
			);
			mainGroup = AFB16FA429B7585400C54CDF;
			productRefGroup = AFB16FAE29B7585400C54CDF /* Products */;
			projectDirPath = "";
			projectRoot = "";
			targets = (
				AFB16FAC29B7585400C54CDF /* CS193p */,
			);
		};
/* End PBXProject section */

/* Begin PBXResourcesBuildPhase section */
		AFB16FAB29B7585400C54CDF /* Resources */ = {
			isa = PBXResourcesBuildPhase;
			buildActionMask = 2147483647;
			files = (
				AFB16FB829B7585500C54CDF /* Preview Assets.xcassets in Resources */,
				845491692A5FCA9400DEA382 /* landmarkData.json in Resources */,
				AFB16FB529B7585500C54CDF /* Assets.xcassets in Resources */,
			);
			runOnlyForDeploymentPostprocessing = 0;
		};
/* End PBXResourcesBuildPhase section */

/* Begin PBXSourcesBuildPhase section */
		AFB16FA929B7585400C54CDF /* Sources */ = {
			isa = PBXSourcesBuildPhase;
			buildActionMask = 2147483647;
			files = (
				AFB16FB329B7585400C54CDF /* ContentView.swift in Sources */,
				AFB16FB129B7585400C54CDF /* CS193pApp.swift in Sources */,
				845491482A5FA92700DEA382 /* Map.swift in Sources */,
				8454914C2A5FC86700DEA382 /* Model.swift in Sources */,
				845491462A5FA70700DEA382 /* CircleImage.swift in Sources */,
				8454916B2A5FCB2A00DEA382 /* LandmarkRow.swift in Sources */,
				8454914A2A5FC61F00DEA382 /* Landmark.swift in Sources */,
			);
			runOnlyForDeploymentPostprocessing = 0;
		};
/* End PBXSourcesBuildPhase section */

/* Begin XCBuildConfiguration section */
		AFB16FB929B7585500C54CDF /* Debug */ = {
			isa = XCBuildConfiguration;
			buildSettings = {
				ALWAYS_SEARCH_USER_PATHS = NO;
				CLANG_ANALYZER_NONNULL = YES;
				CLANG_ANALYZER_NUMBER_OBJECT_CONVERSION = YES_AGGRESSIVE;
				CLANG_CXX_LANGUAGE_STANDARD = "gnu++20";
				CLANG_ENABLE_MODULES = YES;
				CLANG_ENABLE_OBJC_ARC = YES;
				CLANG_ENABLE_OBJC_WEAK = YES;
				CLANG_WARN_BLOCK_CAPTURE_AUTORELEASING = YES;
				CLANG_WARN_BOOL_CONVERSION = YES;
				CLANG_WARN_COMMA = YES;
				CLANG_WARN_CONSTANT_CONVERSION = YES;
				CLANG_WARN_DEPRECATED_OBJC_IMPLEMENTATIONS = YES;
				CLANG_WARN_DIRECT_OBJC_ISA_USAGE = YES_ERROR;
				CLANG_WARN_DOCUMENTATION_COMMENTS = YES;
				CLANG_WARN_EMPTY_BODY = YES;
				CLANG_WARN_ENUM_CONVERSION = YES;
				CLANG_WARN_INFINITE_RECURSION = YES;
				CLANG_WARN_INT_CONVERSION = YES;
				CLANG_WARN_NON_LITERAL_NULL_CONVERSION = YES;
				CLANG_WARN_OBJC_IMPLICIT_RETAIN_SELF = YES;
				CLANG_WARN_OBJC_LITERAL_CONVERSION = YES;
				CLANG_WARN_OBJC_ROOT_CLASS = YES_ERROR;
				CLANG_WARN_QUOTED_INCLUDE_IN_FRAMEWORK_HEADER = YES;
				CLANG_WARN_RANGE_LOOP_ANALYSIS = YES;
				CLANG_WARN_STRICT_PROTOTYPES = YES;
				CLANG_WARN_SUSPICIOUS_MOVE = YES;
				CLANG_WARN_UNGUARDED_AVAILABILITY = YES_AGGRESSIVE;
				CLANG_WARN_UNREACHABLE_CODE = YES;
				CLANG_WARN__DUPLICATE_METHOD_MATCH = YES;
				COPY_PHASE_STRIP = NO;
				DEBUG_INFORMATION_FORMAT = dwarf;
				ENABLE_STRICT_OBJC_MSGSEND = YES;
				ENABLE_TESTABILITY = YES;
				GCC_C_LANGUAGE_STANDARD = gnu11;
				GCC_DYNAMIC_NO_PIC = NO;
				GCC_NO_COMMON_BLOCKS = YES;
				GCC_OPTIMIZATION_LEVEL = 0;
				GCC_PREPROCESSOR_DEFINITIONS = (
					"DEBUG=1",
					"$(inherited)",
				);
				GCC_WARN_64_TO_32_BIT_CONVERSION = YES;
				GCC_WARN_ABOUT_RETURN_TYPE = YES_ERROR;
				GCC_WARN_UNDECLARED_SELECTOR = YES;
				GCC_WARN_UNINITIALIZED_AUTOS = YES_AGGRESSIVE;
				GCC_WARN_UNUSED_FUNCTION = YES;
				GCC_WARN_UNUSED_VARIABLE = YES;
				IPHONEOS_DEPLOYMENT_TARGET = 16.2;
				MTL_ENABLE_DEBUG_INFO = INCLUDE_SOURCE;
				MTL_FAST_MATH = YES;
				ONLY_ACTIVE_ARCH = YES;
				SDKROOT = iphoneos;
				SWIFT_ACTIVE_COMPILATION_CONDITIONS = DEBUG;
				SWIFT_OPTIMIZATION_LEVEL = "-Onone";
			};
			name = Debug;
		};
		AFB16FBA29B7585500C54CDF /* Release */ = {
			isa = XCBuildConfiguration;
			buildSettings = {
				ALWAYS_SEARCH_USER_PATHS = NO;
				CLANG_ANALYZER_NONNULL = YES;
				CLANG_ANALYZER_NUMBER_OBJECT_CONVERSION = YES_AGGRESSIVE;
				CLANG_CXX_LANGUAGE_STANDARD = "gnu++20";
				CLANG_ENABLE_MODULES = YES;
				CLANG_ENABLE_OBJC_ARC = YES;
				CLANG_ENABLE_OBJC_WEAK = YES;
				CLANG_WARN_BLOCK_CAPTURE_AUTORELEASING = YES;
				CLANG_WARN_BOOL_CONVERSION = YES;
				CLANG_WARN_COMMA = YES;
				CLANG_WARN_CONSTANT_CONVERSION = YES;
				CLANG_WARN_DEPRECATED_OBJC_IMPLEMENTATIONS = YES;
				CLANG_WARN_DIRECT_OBJC_ISA_USAGE = YES_ERROR;
				CLANG_WARN_DOCUMENTATION_COMMENTS = YES;
				CLANG_WARN_EMPTY_BODY = YES;
				CLANG_WARN_ENUM_CONVERSION = YES;
				CLANG_WARN_INFINITE_RECURSION = YES;
				CLANG_WARN_INT_CONVERSION = YES;
				CLANG_WARN_NON_LITERAL_NULL_CONVERSION = YES;
				CLANG_WARN_OBJC_IMPLICIT_RETAIN_SELF = YES;
				CLANG_WARN_OBJC_LITERAL_CONVERSION = YES;
				CLANG_WARN_OBJC_ROOT_CLASS = YES_ERROR;
				CLANG_WARN_QUOTED_INCLUDE_IN_FRAMEWORK_HEADER = YES;
				CLANG_WARN_RANGE_LOOP_ANALYSIS = YES;
				CLANG_WARN_STRICT_PROTOTYPES = YES;
				CLANG_WARN_SUSPICIOUS_MOVE = YES;
				CLANG_WARN_UNGUARDED_AVAILABILITY = YES_AGGRESSIVE;
				CLANG_WARN_UNREACHABLE_CODE = YES;
				CLANG_WARN__DUPLICATE_METHOD_MATCH = YES;
				COPY_PHASE_STRIP = NO;
				DEBUG_INFORMATION_FORMAT = "dwarf-with-dsym";
				ENABLE_NS_ASSERTIONS = NO;
				ENABLE_STRICT_OBJC_MSGSEND = YES;
				GCC_C_LANGUAGE_STANDARD = gnu11;
				GCC_NO_COMMON_BLOCKS = YES;
				GCC_WARN_64_TO_32_BIT_CONVERSION = YES;
				GCC_WARN_ABOUT_RETURN_TYPE = YES_ERROR;
				GCC_WARN_UNDECLARED_SELECTOR = YES;
				GCC_WARN_UNINITIALIZED_AUTOS = YES_AGGRESSIVE;
				GCC_WARN_UNUSED_FUNCTION = YES;
				GCC_WARN_UNUSED_VARIABLE = YES;
				IPHONEOS_DEPLOYMENT_TARGET = 16.2;
				MTL_ENABLE_DEBUG_INFO = NO;
				MTL_FAST_MATH = YES;
				SDKROOT = iphoneos;
				SWIFT_COMPILATION_MODE = wholemodule;
				SWIFT_OPTIMIZATION_LEVEL = "-O";
				VALIDATE_PRODUCT = YES;
			};
			name = Release;
		};
		AFB16FBC29B7585500C54CDF /* Debug */ = {
			isa = XCBuildConfiguration;
			buildSettings = {
				ASSETCATALOG_COMPILER_APPICON_NAME = AppIcon;
				ASSETCATALOG_COMPILER_GLOBAL_ACCENT_COLOR_NAME = AccentColor;
				CODE_SIGN_STYLE = Automatic;
				CURRENT_PROJECT_VERSION = 1;
				DEVELOPMENT_ASSET_PATHS = "\"CS193p/Preview Content\"";
				DEVELOPMENT_TEAM = 789PQG3L64;
				ENABLE_PREVIEWS = YES;
				GENERATE_INFOPLIST_FILE = YES;
				INFOPLIST_KEY_UIApplicationSceneManifest_Generation = YES;
				INFOPLIST_KEY_UIApplicationSupportsIndirectInputEvents = YES;
				INFOPLIST_KEY_UILaunchScreen_Generation = YES;
				INFOPLIST_KEY_UISupportedInterfaceOrientations_iPad = "UIInterfaceOrientationPortrait UIInterfaceOrientationPortraitUpsideDown UIInterfaceOrientationLandscapeLeft UIInterfaceOrientationLandscapeRight";
				INFOPLIST_KEY_UISupportedInterfaceOrientations_iPhone = "UIInterfaceOrientationPortrait UIInterfaceOrientationLandscapeLeft UIInterfaceOrientationLandscapeRight";
				LD_RUNPATH_SEARCH_PATHS = (
					"$(inherited)",
					"@executable_path/Frameworks",
				);
				MARKETING_VERSION = 1.0;
				PRODUCT_BUNDLE_IDENTIFIER = com.derain.CS193p;
				PRODUCT_NAME = "$(TARGET_NAME)";
				SWIFT_EMIT_LOC_STRINGS = YES;
				SWIFT_VERSION = 5.0;
				TARGETED_DEVICE_FAMILY = "1,2";
			};
			name = Debug;
		};
		AFB16FBD29B7585500C54CDF /* Release */ = {
			isa = XCBuildConfiguration;
			buildSettings = {
				ASSETCATALOG_COMPILER_APPICON_NAME = AppIcon;
				ASSETCATALOG_COMPILER_GLOBAL_ACCENT_COLOR_NAME = AccentColor;
				CODE_SIGN_STYLE = Automatic;
				CURRENT_PROJECT_VERSION = 1;
				DEVELOPMENT_ASSET_PATHS = "\"CS193p/Preview Content\"";
				DEVELOPMENT_TEAM = 789PQG3L64;
				ENABLE_PREVIEWS = YES;
				GENERATE_INFOPLIST_FILE = YES;
				INFOPLIST_KEY_UIApplicationSceneManifest_Generation = YES;
				INFOPLIST_KEY_UIApplicationSupportsIndirectInputEvents = YES;
				INFOPLIST_KEY_UILaunchScreen_Generation = YES;
				INFOPLIST_KEY_UISupportedInterfaceOrientations_iPad = "UIInterfaceOrientationPortrait UIInterfaceOrientationPortraitUpsideDown UIInterfaceOrientationLandscapeLeft UIInterfaceOrientationLandscapeRight";
				INFOPLIST_KEY_UISupportedInterfaceOrientations_iPhone = "UIInterfaceOrientationPortrait UIInterfaceOrientationLandscapeLeft UIInterfaceOrientationLandscapeRight";
				LD_RUNPATH_SEARCH_PATHS = (
					"$(inherited)",
					"@executable_path/Frameworks",
				);
				MARKETING_VERSION = 1.0;
				PRODUCT_BUNDLE_IDENTIFIER = com.derain.CS193p;
				PRODUCT_NAME = "$(TARGET_NAME)";
				SWIFT_EMIT_LOC_STRINGS = YES;
				SWIFT_VERSION = 5.0;
				TARGETED_DEVICE_FAMILY = "1,2";
			};
			name = Release;
		};
/* End XCBuildConfiguration section */

/* Begin XCConfigurationList section */
		AFB16FA829B7585400C54CDF /* Build configuration list for PBXProject "CS193p" */ = {
			isa = XCConfigurationList;
			buildConfigurations = (
				AFB16FB929B7585500C54CDF /* Debug */,
				AFB16FBA29B7585500C54CDF /* Release */,
			);
			defaultConfigurationIsVisible = 0;
			defaultConfigurationName = Release;
		};
		AFB16FBB29B7585500C54CDF /* Build configuration list for PBXNativeTarget "CS193p" */ = {
			isa = XCConfigurationList;
			buildConfigurations = (
				AFB16FBC29B7585500C54CDF /* Debug */,
				AFB16FBD29B7585500C54CDF /* Release */,
			);
			defaultConfigurationIsVisible = 0;
			defaultConfigurationName = Release;
		};
/* End XCConfigurationList section */
	};
	rootObject = AFB16FA529B7585400C54CDF /* Project object */;
}
