// !$*UTF8*$!
{
	archiveVersion = 1;
	classes = {
	};
	objectVersion = 56;
	objects = {

/* Begin PBXBuildFile section */
		842A26B52A64E6F7007E276B /* Profile.swift in Sources */ = {isa = PBXBuildFile; fileRef = 842A26B42A64E6F7007E276B /* Profile.swift */; };
		842A26B72A64E7C9007E276B /* ProfilHost.swift in Sources */ = {isa = PBXBuildFile; fileRef = 842A26B62A64E7C9007E276B /* ProfilHost.swift */; };
		842A26B92A64E861007E276B /* ProfileSummary.swift in Sources */ = {isa = PBXBuildFile; fileRef = 842A26B82A64E861007E276B /* ProfileSummary.swift */; };
		842A26BB2A64EAEE007E276B /* HikeBadge.swift in Sources */ = {isa = PBXBuildFile; fileRef = 842A26BA2A64EAEE007E276B /* HikeBadge.swift */; };
		842A26BD2A650C8E007E276B /* ProfileEditor.swift in Sources */ = {isa = PBXBuildFile; fileRef = 842A26BC2A650C8E007E276B /* ProfileEditor.swift */; };
		842A26BF2A6519B1007E276B /* PageViewController.swift in Sources */ = {isa = PBXBuildFile; fileRef = 842A26BE2A6519B1007E276B /* PageViewController.swift */; };
		842A26C22A651C5B007E276B /* FeatureCard.swift in Sources */ = {isa = PBXBuildFile; fileRef = 842A26C12A651C5B007E276B /* FeatureCard.swift */; };
		842A26C42A651ECA007E276B /* PageView.swift in Sources */ = {isa = PBXBuildFile; fileRef = 842A26C32A651ECA007E276B /* PageView.swift */; };
		842A26C72A6534B9007E276B /* PageControl.swift in Sources */ = {isa = PBXBuildFile; fileRef = 842A26C62A6534B9007E276B /* PageControl.swift */; };
		843148672A67D030002C4025 /* WidgetKit.framework in Frameworks */ = {isa = PBXBuildFile; fileRef = 84A8EB7B2A67BB3900C1D7E9 /* WidgetKit.framework */; };
		843148682A67D030002C4025 /* SwiftUI.framework in Frameworks */ = {isa = PBXBuildFile; fileRef = 84A8EB7D2A67BB3900C1D7E9 /* SwiftUI.framework */; };
		8431486B2A67D030002C4025 /* CS193pWidgetBundle.swift in Sources */ = {isa = PBXBuildFile; fileRef = 8431486A2A67D030002C4025 /* CS193pWidgetBundle.swift */; };
		8431486D2A67D030002C4025 /* CS193pSmallWidget.swift in Sources */ = {isa = PBXBuildFile; fileRef = 8431486C2A67D030002C4025 /* CS193pSmallWidget.swift */; };
		8431486F2A67D031002C4025 /* Assets.xcassets in Resources */ = {isa = PBXBuildFile; fileRef = 8431486E2A67D031002C4025 /* Assets.xcassets */; };
		843148732A67D031002C4025 /* CS193pWidgetExtension.appex in Embed Foundation Extensions */ = {isa = PBXBuildFile; fileRef = 843148662A67D030002C4025 /* CS193pWidgetExtension.appex */; settings = {ATTRIBUTES = (RemoveHeadersOnCopy, ); }; };
		845491462A5FA70700DEA382 /* CircleImage.swift in Sources */ = {isa = PBXBuildFile; fileRef = 845491452A5FA70700DEA382 /* CircleImage.swift */; };
		845491482A5FA92700DEA382 /* MapView.swift in Sources */ = {isa = PBXBuildFile; fileRef = 845491472A5FA92700DEA382 /* MapView.swift */; };
		8454914A2A5FC61F00DEA382 /* Landmark.swift in Sources */ = {isa = PBXBuildFile; fileRef = 845491492A5FC61F00DEA382 /* Landmark.swift */; };
		8454914C2A5FC86700DEA382 /* Model.swift in Sources */ = {isa = PBXBuildFile; fileRef = 8454914B2A5FC86700DEA382 /* Model.swift */; };
		845491692A5FCA9400DEA382 /* landmarkData.json in Resources */ = {isa = PBXBuildFile; fileRef = 8454915C2A5FCA9400DEA382 /* landmarkData.json */; };
		8454916B2A5FCB2A00DEA382 /* LandmarkRow.swift in Sources */ = {isa = PBXBuildFile; fileRef = 8454916A2A5FCB2A00DEA382 /* LandmarkRow.swift */; };
		84C2AB7C2A60F84F0086FCDE /* LandmarkList.swift in Sources */ = {isa = PBXBuildFile; fileRef = 84C2AB7B2A60F84F0086FCDE /* LandmarkList.swift */; };
		84C2AB7E2A60FD4F0086FCDE /* LandmarkDetail.swift in Sources */ = {isa = PBXBuildFile; fileRef = 84C2AB7D2A60FD4F0086FCDE /* LandmarkDetail.swift */; };
		84C2AB802A612B7D0086FCDE /* FavoriteButton.swift in Sources */ = {isa = PBXBuildFile; fileRef = 84C2AB7F2A612B7D0086FCDE /* FavoriteButton.swift */; };
		84C2AB852A613F1E0086FCDE /* ViewExtension.swift in Sources */ = {isa = PBXBuildFile; fileRef = 84C2AB842A613F1E0086FCDE /* ViewExtension.swift */; };
		84C2AB872A6149C80086FCDE /* HexagonParameters.swift in Sources */ = {isa = PBXBuildFile; fileRef = 84C2AB862A6149C80086FCDE /* HexagonParameters.swift */; };
		84C2AB8A2A614A410086FCDE /* BadgeBackground.swift in Sources */ = {isa = PBXBuildFile; fileRef = 84C2AB892A614A410086FCDE /* BadgeBackground.swift */; };
		84C2AB8C2A6156130086FCDE /* BadgeSymbol.swift in Sources */ = {isa = PBXBuildFile; fileRef = 84C2AB8B2A6156130086FCDE /* BadgeSymbol.swift */; };
		84C2AB8E2A615DDC0086FCDE /* RotatedBadgeSymbol.swift in Sources */ = {isa = PBXBuildFile; fileRef = 84C2AB8D2A615DDC0086FCDE /* RotatedBadgeSymbol.swift */; };
		84C2AB902A615E7F0086FCDE /* Badge.swift in Sources */ = {isa = PBXBuildFile; fileRef = 84C2AB8F2A615E7F0086FCDE /* Badge.swift */; };
		84FF607A2A6951D8002508F9 /* Episode.swift in Sources */ = {isa = PBXBuildFile; fileRef = 84FF60792A6951D8002508F9 /* Episode.swift */; };
		84FF607B2A6951D8002508F9 /* Episode.swift in Sources */ = {isa = PBXBuildFile; fileRef = 84FF60792A6951D8002508F9 /* Episode.swift */; };
		84FF607D2A695412002508F9 /* PlayButtonIcon.swift in Sources */ = {isa = PBXBuildFile; fileRef = 84FF607C2A695412002508F9 /* PlayButtonIcon.swift */; };
		84FF607E2A695412002508F9 /* PlayButtonIcon.swift in Sources */ = {isa = PBXBuildFile; fileRef = 84FF607C2A695412002508F9 /* PlayButtonIcon.swift */; };
		84FF60812A695E66002508F9 /* EpisodeStore.swift in Sources */ = {isa = PBXBuildFile; fileRef = 84FF607F2A695E66002508F9 /* EpisodeStore.swift */; };
		84FF60822A695E66002508F9 /* EpisodeStore.swift in Sources */ = {isa = PBXBuildFile; fileRef = 84FF607F2A695E66002508F9 /* EpisodeStore.swift */; };
		84FF60832A695E66002508F9 /* URLComponentsExtension.swift in Sources */ = {isa = PBXBuildFile; fileRef = 84FF60802A695E66002508F9 /* URLComponentsExtension.swift */; };
		84FF60842A695E66002508F9 /* URLComponentsExtension.swift in Sources */ = {isa = PBXBuildFile; fileRef = 84FF60802A695E66002508F9 /* URLComponentsExtension.swift */; };
		84FF60872A6966B1002508F9 /* VideoURL.swift in Sources */ = {isa = PBXBuildFile; fileRef = 84FF60852A6966B1002508F9 /* VideoURL.swift */; };
		84FF60882A6966B1002508F9 /* VideoURL.swift in Sources */ = {isa = PBXBuildFile; fileRef = 84FF60852A6966B1002508F9 /* VideoURL.swift */; };
		84FF60892A6966B1002508F9 /* FormatterExtension.swift in Sources */ = {isa = PBXBuildFile; fileRef = 84FF60862A6966B1002508F9 /* FormatterExtension.swift */; };
		84FF608A2A6966B1002508F9 /* FormatterExtension.swift in Sources */ = {isa = PBXBuildFile; fileRef = 84FF60862A6966B1002508F9 /* FormatterExtension.swift */; };
		AF3A6CE82A6ADE11004A6C30 /* Intents.framework in Frameworks */ = {isa = PBXBuildFile; fileRef = 841F73EF2A6A8ED40009A7BC /* Intents.framework */; };
		AF3A6CEB2A6ADE11004A6C30 /* IntentHandler.swift in Sources */ = {isa = PBXBuildFile; fileRef = AF3A6CEA2A6ADE11004A6C30 /* IntentHandler.swift */; };
		AF3A6CEF2A6ADE11004A6C30 /* CS193Intent.appex in Embed Foundation Extensions */ = {isa = PBXBuildFile; fileRef = AF3A6CE72A6ADE11004A6C30 /* CS193Intent.appex */; settings = {ATTRIBUTES = (RemoveHeadersOnCopy, ); }; };
		AF3A6CFA2A6B8224004A6C30 /* CS193pWidgetConfigurations.intentdefinition in Sources */ = {isa = PBXBuildFile; fileRef = AF3A6CF92A6B8224004A6C30 /* CS193pWidgetConfigurations.intentdefinition */; };
		AF3A6CFB2A6B8224004A6C30 /* CS193pWidgetConfigurations.intentdefinition in Sources */ = {isa = PBXBuildFile; fileRef = AF3A6CF92A6B8224004A6C30 /* CS193pWidgetConfigurations.intentdefinition */; };
		AF3A6CFC2A6B8224004A6C30 /* CS193pWidgetConfigurations.intentdefinition in Sources */ = {isa = PBXBuildFile; fileRef = AF3A6CF92A6B8224004A6C30 /* CS193pWidgetConfigurations.intentdefinition */; };
		AF3E349F2A643FEB00C89AF7 /* CategoryRow.swift in Sources */ = {isa = PBXBuildFile; fileRef = AF3E349E2A643FEB00C89AF7 /* CategoryRow.swift */; };
		AF3E34A12A64426700C89AF7 /* CategoryItem.swift in Sources */ = {isa = PBXBuildFile; fileRef = AF3E34A02A64426700C89AF7 /* CategoryItem.swift */; };
		AF635CC22A643C5A0055D456 /* CategoryHome.swift in Sources */ = {isa = PBXBuildFile; fileRef = AF635CC12A643C5A0055D456 /* CategoryHome.swift */; };
		AFA7D00F2A61AFAD000D6AC9 /* hikeData.json in Resources */ = {isa = PBXBuildFile; fileRef = AFA7D00E2A61AFAD000D6AC9 /* hikeData.json */; };
		AFA7D0112A61AFC7000D6AC9 /* Hike.swift in Sources */ = {isa = PBXBuildFile; fileRef = AFA7D0102A61AFC7000D6AC9 /* Hike.swift */; };
		AFA7D0172A61B19A000D6AC9 /* GraphCapsule.swift in Sources */ = {isa = PBXBuildFile; fileRef = AFA7D0132A61B19A000D6AC9 /* GraphCapsule.swift */; };
		AFA7D0182A61B19A000D6AC9 /* HikeGraph.swift in Sources */ = {isa = PBXBuildFile; fileRef = AFA7D0142A61B19A000D6AC9 /* HikeGraph.swift */; };
		AFA7D0192A61B19A000D6AC9 /* HikeDetail.swift in Sources */ = {isa = PBXBuildFile; fileRef = AFA7D0152A61B19A000D6AC9 /* HikeDetail.swift */; };
		AFA7D01A2A61B19A000D6AC9 /* HikeView.swift in Sources */ = {isa = PBXBuildFile; fileRef = AFA7D0162A61B19A000D6AC9 /* HikeView.swift */; };
		AFB16FB129B7585400C54CDF /* CS193pApp.swift in Sources */ = {isa = PBXBuildFile; fileRef = AFB16FB029B7585400C54CDF /* CS193pApp.swift */; };
		AFB16FB329B7585400C54CDF /* ContentView.swift in Sources */ = {isa = PBXBuildFile; fileRef = AFB16FB229B7585400C54CDF /* ContentView.swift */; };
		AFB16FB529B7585500C54CDF /* Assets.xcassets in Resources */ = {isa = PBXBuildFile; fileRef = AFB16FB429B7585500C54CDF /* Assets.xcassets */; };
		AFB16FB829B7585500C54CDF /* Preview Assets.xcassets in Resources */ = {isa = PBXBuildFile; fileRef = AFB16FB729B7585500C54CDF /* Preview Assets.xcassets */; };
/* End PBXBuildFile section */

/* Begin PBXContainerItemProxy section */
		843148712A67D031002C4025 /* PBXContainerItemProxy */ = {
			isa = PBXContainerItemProxy;
			containerPortal = AFB16FA529B7585400C54CDF /* Project object */;
			proxyType = 1;
			remoteGlobalIDString = 843148652A67D030002C4025;
			remoteInfo = CS193pWidgetExtension;
		};
		AF3A6CED2A6ADE11004A6C30 /* PBXContainerItemProxy */ = {
			isa = PBXContainerItemProxy;
			containerPortal = AFB16FA529B7585400C54CDF /* Project object */;
			proxyType = 1;
			remoteGlobalIDString = AF3A6CE62A6ADE11004A6C30;
			remoteInfo = CS193Intent;
		};
/* End PBXContainerItemProxy section */

/* Begin PBXCopyFilesBuildPhase section */
		84A8EB8D2A67BB3C00C1D7E9 /* Embed Foundation Extensions */ = {
			isa = PBXCopyFilesBuildPhase;
			buildActionMask = 2147483647;
			dstPath = "";
			dstSubfolderSpec = 13;
			files = (
				AF3A6CEF2A6ADE11004A6C30 /* CS193Intent.appex in Embed Foundation Extensions */,
				843148732A67D031002C4025 /* CS193pWidgetExtension.appex in Embed Foundation Extensions */,
			);
			name = "Embed Foundation Extensions";
			runOnlyForDeploymentPostprocessing = 0;
		};
/* End PBXCopyFilesBuildPhase section */

/* Begin PBXFileReference section */
		841F73E82A6A44A70009A7BC /* CS193p.entitlements */ = {isa = PBXFileReference; lastKnownFileType = text.plist.entitlements; path = CS193p.entitlements; sourceTree = "<group>"; };
		841F73E92A6A45B90009A7BC /* CS193pWidgetExtension.entitlements */ = {isa = PBXFileReference; lastKnownFileType = text.plist.entitlements; path = CS193pWidgetExtension.entitlements; sourceTree = "<group>"; };
		841F73EF2A6A8ED40009A7BC /* Intents.framework */ = {isa = PBXFileReference; lastKnownFileType = wrapper.framework; name = Intents.framework; path = System/Library/Frameworks/Intents.framework; sourceTree = SDKROOT; };
		842A26B42A64E6F7007E276B /* Profile.swift */ = {isa = PBXFileReference; lastKnownFileType = sourcecode.swift; path = Profile.swift; sourceTree = "<group>"; };
		842A26B62A64E7C9007E276B /* ProfilHost.swift */ = {isa = PBXFileReference; lastKnownFileType = sourcecode.swift; path = ProfilHost.swift; sourceTree = "<group>"; };
		842A26B82A64E861007E276B /* ProfileSummary.swift */ = {isa = PBXFileReference; lastKnownFileType = sourcecode.swift; path = ProfileSummary.swift; sourceTree = "<group>"; };
		842A26BA2A64EAEE007E276B /* HikeBadge.swift */ = {isa = PBXFileReference; lastKnownFileType = sourcecode.swift; path = HikeBadge.swift; sourceTree = "<group>"; };
		842A26BC2A650C8E007E276B /* ProfileEditor.swift */ = {isa = PBXFileReference; lastKnownFileType = sourcecode.swift; path = ProfileEditor.swift; sourceTree = "<group>"; };
		842A26BE2A6519B1007E276B /* PageViewController.swift */ = {isa = PBXFileReference; lastKnownFileType = sourcecode.swift; path = PageViewController.swift; sourceTree = "<group>"; };
		842A26C12A651C5B007E276B /* FeatureCard.swift */ = {isa = PBXFileReference; lastKnownFileType = sourcecode.swift; path = FeatureCard.swift; sourceTree = "<group>"; };
		842A26C32A651ECA007E276B /* PageView.swift */ = {isa = PBXFileReference; lastKnownFileType = sourcecode.swift; path = PageView.swift; sourceTree = "<group>"; };
		842A26C62A6534B9007E276B /* PageControl.swift */ = {isa = PBXFileReference; lastKnownFileType = sourcecode.swift; path = PageControl.swift; sourceTree = "<group>"; };
		843148662A67D030002C4025 /* CS193pWidgetExtension.appex */ = {isa = PBXFileReference; explicitFileType = "wrapper.app-extension"; includeInIndex = 0; path = CS193pWidgetExtension.appex; sourceTree = BUILT_PRODUCTS_DIR; };
		8431486A2A67D030002C4025 /* CS193pWidgetBundle.swift */ = {isa = PBXFileReference; lastKnownFileType = sourcecode.swift; path = CS193pWidgetBundle.swift; sourceTree = "<group>"; };
		8431486C2A67D030002C4025 /* CS193pSmallWidget.swift */ = {isa = PBXFileReference; lastKnownFileType = sourcecode.swift; path = CS193pSmallWidget.swift; sourceTree = "<group>"; };
		8431486E2A67D031002C4025 /* Assets.xcassets */ = {isa = PBXFileReference; lastKnownFileType = folder.assetcatalog; path = Assets.xcassets; sourceTree = "<group>"; };
		843148702A67D031002C4025 /* Info.plist */ = {isa = PBXFileReference; lastKnownFileType = text.plist.xml; path = Info.plist; sourceTree = "<group>"; };
		845491452A5FA70700DEA382 /* CircleImage.swift */ = {isa = PBXFileReference; lastKnownFileType = sourcecode.swift; path = CircleImage.swift; sourceTree = "<group>"; };
		845491472A5FA92700DEA382 /* MapView.swift */ = {isa = PBXFileReference; lastKnownFileType = sourcecode.swift; path = MapView.swift; sourceTree = "<group>"; };
		845491492A5FC61F00DEA382 /* Landmark.swift */ = {isa = PBXFileReference; lastKnownFileType = sourcecode.swift; path = Landmark.swift; sourceTree = "<group>"; };
		8454914B2A5FC86700DEA382 /* Model.swift */ = {isa = PBXFileReference; lastKnownFileType = sourcecode.swift; path = Model.swift; sourceTree = "<group>"; };
		8454915C2A5FCA9400DEA382 /* landmarkData.json */ = {isa = PBXFileReference; fileEncoding = 4; lastKnownFileType = text.json; path = landmarkData.json; sourceTree = "<group>"; };
		8454916A2A5FCB2A00DEA382 /* LandmarkRow.swift */ = {isa = PBXFileReference; lastKnownFileType = sourcecode.swift; path = LandmarkRow.swift; sourceTree = "<group>"; };
		84A8EB7B2A67BB3900C1D7E9 /* WidgetKit.framework */ = {isa = PBXFileReference; lastKnownFileType = wrapper.framework; name = WidgetKit.framework; path = System/Library/Frameworks/WidgetKit.framework; sourceTree = SDKROOT; };
		84A8EB7D2A67BB3900C1D7E9 /* SwiftUI.framework */ = {isa = PBXFileReference; lastKnownFileType = wrapper.framework; name = SwiftUI.framework; path = System/Library/Frameworks/SwiftUI.framework; sourceTree = SDKROOT; };
		84C2AB7B2A60F84F0086FCDE /* LandmarkList.swift */ = {isa = PBXFileReference; lastKnownFileType = sourcecode.swift; path = LandmarkList.swift; sourceTree = "<group>"; };
		84C2AB7D2A60FD4F0086FCDE /* LandmarkDetail.swift */ = {isa = PBXFileReference; lastKnownFileType = sourcecode.swift; path = LandmarkDetail.swift; sourceTree = "<group>"; };
		84C2AB7F2A612B7D0086FCDE /* FavoriteButton.swift */ = {isa = PBXFileReference; lastKnownFileType = sourcecode.swift; path = FavoriteButton.swift; sourceTree = "<group>"; };
		84C2AB842A613F1E0086FCDE /* ViewExtension.swift */ = {isa = PBXFileReference; lastKnownFileType = sourcecode.swift; path = ViewExtension.swift; sourceTree = "<group>"; };
		84C2AB862A6149C80086FCDE /* HexagonParameters.swift */ = {isa = PBXFileReference; lastKnownFileType = sourcecode.swift; path = HexagonParameters.swift; sourceTree = "<group>"; };
		84C2AB892A614A410086FCDE /* BadgeBackground.swift */ = {isa = PBXFileReference; lastKnownFileType = sourcecode.swift; path = BadgeBackground.swift; sourceTree = "<group>"; };
		84C2AB8B2A6156130086FCDE /* BadgeSymbol.swift */ = {isa = PBXFileReference; lastKnownFileType = sourcecode.swift; path = BadgeSymbol.swift; sourceTree = "<group>"; };
		84C2AB8D2A615DDC0086FCDE /* RotatedBadgeSymbol.swift */ = {isa = PBXFileReference; lastKnownFileType = sourcecode.swift; path = RotatedBadgeSymbol.swift; sourceTree = "<group>"; };
		84C2AB8F2A615E7F0086FCDE /* Badge.swift */ = {isa = PBXFileReference; lastKnownFileType = sourcecode.swift; path = Badge.swift; sourceTree = "<group>"; };
		84FF60792A6951D8002508F9 /* Episode.swift */ = {isa = PBXFileReference; lastKnownFileType = sourcecode.swift; path = Episode.swift; sourceTree = "<group>"; };
		84FF607C2A695412002508F9 /* PlayButtonIcon.swift */ = {isa = PBXFileReference; lastKnownFileType = sourcecode.swift; path = PlayButtonIcon.swift; sourceTree = "<group>"; };
		84FF607F2A695E66002508F9 /* EpisodeStore.swift */ = {isa = PBXFileReference; fileEncoding = 4; lastKnownFileType = sourcecode.swift; path = EpisodeStore.swift; sourceTree = "<group>"; };
		84FF60802A695E66002508F9 /* URLComponentsExtension.swift */ = {isa = PBXFileReference; fileEncoding = 4; lastKnownFileType = sourcecode.swift; path = URLComponentsExtension.swift; sourceTree = "<group>"; };
		84FF60852A6966B1002508F9 /* VideoURL.swift */ = {isa = PBXFileReference; fileEncoding = 4; lastKnownFileType = sourcecode.swift; path = VideoURL.swift; sourceTree = "<group>"; };
		84FF60862A6966B1002508F9 /* FormatterExtension.swift */ = {isa = PBXFileReference; fileEncoding = 4; lastKnownFileType = sourcecode.swift; path = FormatterExtension.swift; sourceTree = "<group>"; };
		AF3A6CE72A6ADE11004A6C30 /* CS193Intent.appex */ = {isa = PBXFileReference; explicitFileType = "wrapper.app-extension"; includeInIndex = 0; path = CS193Intent.appex; sourceTree = BUILT_PRODUCTS_DIR; };
		AF3A6CEA2A6ADE11004A6C30 /* IntentHandler.swift */ = {isa = PBXFileReference; lastKnownFileType = sourcecode.swift; path = IntentHandler.swift; sourceTree = "<group>"; };
		AF3A6CEC2A6ADE11004A6C30 /* Info.plist */ = {isa = PBXFileReference; lastKnownFileType = text.plist.xml; path = Info.plist; sourceTree = "<group>"; };
		AF3A6CF92A6B8224004A6C30 /* CS193pWidgetConfigurations.intentdefinition */ = {isa = PBXFileReference; lastKnownFileType = file.intentdefinition; path = CS193pWidgetConfigurations.intentdefinition; sourceTree = "<group>"; };
		AF3A6CFD2A6B827E004A6C30 /* Info.plist */ = {isa = PBXFileReference; lastKnownFileType = text.plist; path = Info.plist; sourceTree = "<group>"; };
		AF3E349E2A643FEB00C89AF7 /* CategoryRow.swift */ = {isa = PBXFileReference; lastKnownFileType = sourcecode.swift; path = CategoryRow.swift; sourceTree = "<group>"; };
		AF3E34A02A64426700C89AF7 /* CategoryItem.swift */ = {isa = PBXFileReference; lastKnownFileType = sourcecode.swift; path = CategoryItem.swift; sourceTree = "<group>"; };
		AF635CC12A643C5A0055D456 /* CategoryHome.swift */ = {isa = PBXFileReference; lastKnownFileType = sourcecode.swift; path = CategoryHome.swift; sourceTree = "<group>"; };
		AFA7D00E2A61AFAD000D6AC9 /* hikeData.json */ = {isa = PBXFileReference; fileEncoding = 4; lastKnownFileType = text.json; path = hikeData.json; sourceTree = "<group>"; };
		AFA7D0102A61AFC7000D6AC9 /* Hike.swift */ = {isa = PBXFileReference; lastKnownFileType = sourcecode.swift; path = Hike.swift; sourceTree = "<group>"; };
		AFA7D0132A61B19A000D6AC9 /* GraphCapsule.swift */ = {isa = PBXFileReference; fileEncoding = 4; lastKnownFileType = sourcecode.swift; path = GraphCapsule.swift; sourceTree = "<group>"; };
		AFA7D0142A61B19A000D6AC9 /* HikeGraph.swift */ = {isa = PBXFileReference; fileEncoding = 4; lastKnownFileType = sourcecode.swift; path = HikeGraph.swift; sourceTree = "<group>"; };
		AFA7D0152A61B19A000D6AC9 /* HikeDetail.swift */ = {isa = PBXFileReference; fileEncoding = 4; lastKnownFileType = sourcecode.swift; path = HikeDetail.swift; sourceTree = "<group>"; };
		AFA7D0162A61B19A000D6AC9 /* HikeView.swift */ = {isa = PBXFileReference; fileEncoding = 4; lastKnownFileType = sourcecode.swift; path = HikeView.swift; sourceTree = "<group>"; };
		AFB16FAD29B7585400C54CDF /* CS193p.app */ = {isa = PBXFileReference; explicitFileType = wrapper.application; includeInIndex = 0; path = CS193p.app; sourceTree = BUILT_PRODUCTS_DIR; };
		AFB16FB029B7585400C54CDF /* CS193pApp.swift */ = {isa = PBXFileReference; lastKnownFileType = sourcecode.swift; path = CS193pApp.swift; sourceTree = "<group>"; };
		AFB16FB229B7585400C54CDF /* ContentView.swift */ = {isa = PBXFileReference; lastKnownFileType = sourcecode.swift; path = ContentView.swift; sourceTree = "<group>"; };
		AFB16FB429B7585500C54CDF /* Assets.xcassets */ = {isa = PBXFileReference; lastKnownFileType = folder.assetcatalog; path = Assets.xcassets; sourceTree = "<group>"; };
		AFB16FB729B7585500C54CDF /* Preview Assets.xcassets */ = {isa = PBXFileReference; lastKnownFileType = folder.assetcatalog; path = "Preview Assets.xcassets"; sourceTree = "<group>"; };
/* End PBXFileReference section */

/* Begin PBXFrameworksBuildPhase section */
		843148632A67D030002C4025 /* Frameworks */ = {
			isa = PBXFrameworksBuildPhase;
			buildActionMask = 2147483647;
			files = (
				843148682A67D030002C4025 /* SwiftUI.framework in Frameworks */,
				843148672A67D030002C4025 /* WidgetKit.framework in Frameworks */,
			);
			runOnlyForDeploymentPostprocessing = 0;
		};
		AF3A6CE42A6ADE11004A6C30 /* Frameworks */ = {
			isa = PBXFrameworksBuildPhase;
			buildActionMask = 2147483647;
			files = (
				AF3A6CE82A6ADE11004A6C30 /* Intents.framework in Frameworks */,
			);
			runOnlyForDeploymentPostprocessing = 0;
		};
		AFB16FAA29B7585400C54CDF /* Frameworks */ = {
			isa = PBXFrameworksBuildPhase;
			buildActionMask = 2147483647;
			files = (
			);
			runOnlyForDeploymentPostprocessing = 0;
		};
/* End PBXFrameworksBuildPhase section */

/* Begin PBXGroup section */
		842A26B32A64E6D6007E276B /* Profile */ = {
			isa = PBXGroup;
			children = (
				842A26B62A64E7C9007E276B /* ProfilHost.swift */,
				842A26B82A64E861007E276B /* ProfileSummary.swift */,
				842A26BC2A650C8E007E276B /* ProfileEditor.swift */,
			);
			path = Profile;
			sourceTree = "<group>";
		};
		842A26C02A651C47007E276B /* Feature */ = {
			isa = PBXGroup;
			children = (
				842A26C12A651C5B007E276B /* FeatureCard.swift */,
			);
			path = Feature;
			sourceTree = "<group>";
		};
		842A26C52A652B08007E276B /* PageView */ = {
			isa = PBXGroup;
			children = (
				842A26BE2A6519B1007E276B /* PageViewController.swift */,
				842A26C32A651ECA007E276B /* PageView.swift */,
				842A26C62A6534B9007E276B /* PageControl.swift */,
			);
			path = PageView;
			sourceTree = "<group>";
		};
		843148692A67D030002C4025 /* CS193pWidget */ = {
			isa = PBXGroup;
			children = (
				84FF60862A6966B1002508F9 /* FormatterExtension.swift */,
				84FF60852A6966B1002508F9 /* VideoURL.swift */,
				84FF607F2A695E66002508F9 /* EpisodeStore.swift */,
				84FF60802A695E66002508F9 /* URLComponentsExtension.swift */,
				84FF60792A6951D8002508F9 /* Episode.swift */,
				8431486A2A67D030002C4025 /* CS193pWidgetBundle.swift */,
				8431486C2A67D030002C4025 /* CS193pSmallWidget.swift */,
				8431486E2A67D031002C4025 /* Assets.xcassets */,
				843148702A67D031002C4025 /* Info.plist */,
				84FF607C2A695412002508F9 /* PlayButtonIcon.swift */,
				AF3A6CF92A6B8224004A6C30 /* CS193pWidgetConfigurations.intentdefinition */,
			);
			path = CS193pWidget;
			sourceTree = "<group>";
		};
		8454914D2A5FCA9400DEA382 /* Resources */ = {
			isa = PBXGroup;
			children = (
				8454915C2A5FCA9400DEA382 /* landmarkData.json */,
				AFA7D00E2A61AFAD000D6AC9 /* hikeData.json */,
			);
			path = Resources;
			sourceTree = "<group>";
		};
		8454916C2A5FCD5E00DEA382 /* Landmarks */ = {
			isa = PBXGroup;
			children = (
				8454916A2A5FCB2A00DEA382 /* LandmarkRow.swift */,
				84C2AB7B2A60F84F0086FCDE /* LandmarkList.swift */,
				84C2AB7D2A60FD4F0086FCDE /* LandmarkDetail.swift */,
			);
			path = Landmarks;
			sourceTree = "<group>";
		};
		8454916D2A5FCD6D00DEA382 /* App */ = {
			isa = PBXGroup;
			children = (
				AFB16FB029B7585400C54CDF /* CS193pApp.swift */,
			);
			path = App;
			sourceTree = "<group>";
		};
		8454916E2A5FCD7900DEA382 /* Modles */ = {
			isa = PBXGroup;
			children = (
				8454914B2A5FC86700DEA382 /* Model.swift */,
				845491492A5FC61F00DEA382 /* Landmark.swift */,
				84C2AB862A6149C80086FCDE /* HexagonParameters.swift */,
				AFA7D0102A61AFC7000D6AC9 /* Hike.swift */,
				842A26B42A64E6F7007E276B /* Profile.swift */,
			);
			path = Modles;
			sourceTree = "<group>";
		};
		84A8EB7A2A67BB3900C1D7E9 /* Frameworks */ = {
			isa = PBXGroup;
			children = (
				84A8EB7B2A67BB3900C1D7E9 /* WidgetKit.framework */,
				84A8EB7D2A67BB3900C1D7E9 /* SwiftUI.framework */,
				841F73EF2A6A8ED40009A7BC /* Intents.framework */,
			);
			name = Frameworks;
			sourceTree = "<group>";
		};
		84C2AB812A612E680086FCDE /* Views */ = {
			isa = PBXGroup;
			children = (
				AFB16FB229B7585400C54CDF /* ContentView.swift */,
				842A26C52A652B08007E276B /* PageView */,
				842A26C02A651C47007E276B /* Feature */,
				842A26B32A64E6D6007E276B /* Profile */,
				AF635CC02A643C3D0055D456 /* Categories */,
				AFA7D0122A61B19A000D6AC9 /* Hikes */,
				84C2AB882A614A1E0086FCDE /* Badge */,
				8454916C2A5FCD5E00DEA382 /* Landmarks */,
				84C2AB822A612E7D0086FCDE /* Helpers */,
			);
			path = Views;
			sourceTree = "<group>";
		};
		84C2AB822A612E7D0086FCDE /* Helpers */ = {
			isa = PBXGroup;
			children = (
				845491452A5FA70700DEA382 /* CircleImage.swift */,
				845491472A5FA92700DEA382 /* MapView.swift */,
				84C2AB7F2A612B7D0086FCDE /* FavoriteButton.swift */,
			);
			path = Helpers;
			sourceTree = "<group>";
		};
		84C2AB832A613EFC0086FCDE /* Extension */ = {
			isa = PBXGroup;
			children = (
				84C2AB842A613F1E0086FCDE /* ViewExtension.swift */,
			);
			path = Extension;
			sourceTree = "<group>";
		};
		84C2AB882A614A1E0086FCDE /* Badge */ = {
			isa = PBXGroup;
			children = (
				84C2AB892A614A410086FCDE /* BadgeBackground.swift */,
				84C2AB8B2A6156130086FCDE /* BadgeSymbol.swift */,
				84C2AB8D2A615DDC0086FCDE /* RotatedBadgeSymbol.swift */,
				84C2AB8F2A615E7F0086FCDE /* Badge.swift */,
			);
			path = Badge;
			sourceTree = "<group>";
		};
		AF3A6CE92A6ADE11004A6C30 /* CS193Intent */ = {
			isa = PBXGroup;
			children = (
				AF3A6CEA2A6ADE11004A6C30 /* IntentHandler.swift */,
				AF3A6CEC2A6ADE11004A6C30 /* Info.plist */,
			);
			path = CS193Intent;
			sourceTree = "<group>";
		};
		AF635CC02A643C3D0055D456 /* Categories */ = {
			isa = PBXGroup;
			children = (
				AF635CC12A643C5A0055D456 /* CategoryHome.swift */,
				AF3E349E2A643FEB00C89AF7 /* CategoryRow.swift */,
				AF3E34A02A64426700C89AF7 /* CategoryItem.swift */,
			);
			path = Categories;
			sourceTree = "<group>";
		};
		AFA7D0122A61B19A000D6AC9 /* Hikes */ = {
			isa = PBXGroup;
			children = (
				AFA7D0132A61B19A000D6AC9 /* GraphCapsule.swift */,
				AFA7D0142A61B19A000D6AC9 /* HikeGraph.swift */,
				AFA7D0152A61B19A000D6AC9 /* HikeDetail.swift */,
				AFA7D0162A61B19A000D6AC9 /* HikeView.swift */,
				842A26BA2A64EAEE007E276B /* HikeBadge.swift */,
			);
			path = Hikes;
			sourceTree = "<group>";
		};
		AFB16FA429B7585400C54CDF = {
			isa = PBXGroup;
			children = (
				841F73E92A6A45B90009A7BC /* CS193pWidgetExtension.entitlements */,
				AFB16FAF29B7585400C54CDF /* CS193p */,
				843148692A67D030002C4025 /* CS193pWidget */,
				AF3A6CE92A6ADE11004A6C30 /* CS193Intent */,
				84A8EB7A2A67BB3900C1D7E9 /* Frameworks */,
				AFB16FAE29B7585400C54CDF /* Products */,
			);
			sourceTree = "<group>";
		};
		AFB16FAE29B7585400C54CDF /* Products */ = {
			isa = PBXGroup;
			children = (
				AFB16FAD29B7585400C54CDF /* CS193p.app */,
				843148662A67D030002C4025 /* CS193pWidgetExtension.appex */,
				AF3A6CE72A6ADE11004A6C30 /* CS193Intent.appex */,
			);
			name = Products;
			sourceTree = "<group>";
		};
		AFB16FAF29B7585400C54CDF /* CS193p */ = {
			isa = PBXGroup;
			children = (
				AF3A6CFD2A6B827E004A6C30 /* Info.plist */,
				841F73E82A6A44A70009A7BC /* CS193p.entitlements */,
				8454916D2A5FCD6D00DEA382 /* App */,
				84C2AB832A613EFC0086FCDE /* Extension */,
				84C2AB812A612E680086FCDE /* Views */,
				8454916E2A5FCD7900DEA382 /* Modles */,
				8454914D2A5FCA9400DEA382 /* Resources */,
				AFB16FB429B7585500C54CDF /* Assets.xcassets */,
				AFB16FB629B7585500C54CDF /* Preview Content */,
			);
			path = CS193p;
			sourceTree = "<group>";
		};
		AFB16FB629B7585500C54CDF /* Preview Content */ = {
			isa = PBXGroup;
			children = (
				AFB16FB729B7585500C54CDF /* Preview Assets.xcassets */,
			);
			path = "Preview Content";
			sourceTree = "<group>";
		};
/* End PBXGroup section */

/* Begin PBXNativeTarget section */
		843148652A67D030002C4025 /* CS193pWidgetExtension */ = {
			isa = PBXNativeTarget;
			buildConfigurationList = 843148742A67D031002C4025 /* Build configuration list for PBXNativeTarget "CS193pWidgetExtension" */;
			buildPhases = (
				843148622A67D030002C4025 /* Sources */,
				843148632A67D030002C4025 /* Frameworks */,
				843148642A67D030002C4025 /* Resources */,
			);
			buildRules = (
			);
			dependencies = (
			);
			name = CS193pWidgetExtension;
			productName = CS193pWidgetExtension;
			productReference = 843148662A67D030002C4025 /* CS193pWidgetExtension.appex */;
			productType = "com.apple.product-type.app-extension";
		};
		AF3A6CE62A6ADE11004A6C30 /* CS193Intent */ = {
			isa = PBXNativeTarget;
			buildConfigurationList = AF3A6CF02A6ADE11004A6C30 /* Build configuration list for PBXNativeTarget "CS193Intent" */;
			buildPhases = (
				AF3A6CE32A6ADE11004A6C30 /* Sources */,
				AF3A6CE42A6ADE11004A6C30 /* Frameworks */,
				AF3A6CE52A6ADE11004A6C30 /* Resources */,
			);
			buildRules = (
			);
			dependencies = (
			);
			name = CS193Intent;
			productName = CS193Intent;
			productReference = AF3A6CE72A6ADE11004A6C30 /* CS193Intent.appex */;
			productType = "com.apple.product-type.app-extension";
		};
		AFB16FAC29B7585400C54CDF /* CS193p */ = {
			isa = PBXNativeTarget;
			buildConfigurationList = AFB16FBB29B7585500C54CDF /* Build configuration list for PBXNativeTarget "CS193p" */;
			buildPhases = (
				AFB16FA929B7585400C54CDF /* Sources */,
				AFB16FAA29B7585400C54CDF /* Frameworks */,
				AFB16FAB29B7585400C54CDF /* Resources */,
				84A8EB8D2A67BB3C00C1D7E9 /* Embed Foundation Extensions */,
			);
			buildRules = (
			);
			dependencies = (
				843148722A67D031002C4025 /* PBXTargetDependency */,
				AF3A6CEE2A6ADE11004A6C30 /* PBXTargetDependency */,
			);
			name = CS193p;
			productName = CS193p;
			productReference = AFB16FAD29B7585400C54CDF /* CS193p.app */;
			productType = "com.apple.product-type.application";
		};
/* End PBXNativeTarget section */

/* Begin PBXProject section */
		AFB16FA529B7585400C54CDF /* Project object */ = {
			isa = PBXProject;
			attributes = {
				BuildIndependentTargetsInParallel = 1;
				LastSwiftUpdateCheck = 1420;
				LastUpgradeCheck = 1420;
				TargetAttributes = {
					843148652A67D030002C4025 = {
						CreatedOnToolsVersion = 14.3.1;
					};
					AF3A6CE62A6ADE11004A6C30 = {
						CreatedOnToolsVersion = 14.2;
					};
					AFB16FAC29B7585400C54CDF = {
						CreatedOnToolsVersion = 14.2;
					};
				};
			};
			buildConfigurationList = AFB16FA829B7585400C54CDF /* Build configuration list for PBXProject "CS193p" */;
			compatibilityVersion = "Xcode 14.0";
			developmentRegion = en;
			hasScannedForEncodings = 0;
			knownRegions = (
				en,
				Base,
			);
			mainGroup = AFB16FA429B7585400C54CDF;
			productRefGroup = AFB16FAE29B7585400C54CDF /* Products */;
			projectDirPath = "";
			projectRoot = "";
			targets = (
				AFB16FAC29B7585400C54CDF /* CS193p */,
				843148652A67D030002C4025 /* CS193pWidgetExtension */,
				AF3A6CE62A6ADE11004A6C30 /* CS193Intent */,
			);
		};
/* End PBXProject section */

/* Begin PBXResourcesBuildPhase section */
		843148642A67D030002C4025 /* Resources */ = {
			isa = PBXResourcesBuildPhase;
			buildActionMask = 2147483647;
			files = (
				8431486F2A67D031002C4025 /* Assets.xcassets in Resources */,
			);
			runOnlyForDeploymentPostprocessing = 0;
		};
		AF3A6CE52A6ADE11004A6C30 /* Resources */ = {
			isa = PBXResourcesBuildPhase;
			buildActionMask = 2147483647;
			files = (
			);
			runOnlyForDeploymentPostprocessing = 0;
		};
		AFB16FAB29B7585400C54CDF /* Resources */ = {
			isa = PBXResourcesBuildPhase;
			buildActionMask = 2147483647;
			files = (
				AFA7D00F2A61AFAD000D6AC9 /* hikeData.json in Resources */,
				AFB16FB829B7585500C54CDF /* Preview Assets.xcassets in Resources */,
				845491692A5FCA9400DEA382 /* landmarkData.json in Resources */,
				AFB16FB529B7585500C54CDF /* Assets.xcassets in Resources */,
			);
			runOnlyForDeploymentPostprocessing = 0;
		};
/* End PBXResourcesBuildPhase section */

/* Begin PBXSourcesBuildPhase section */
		843148622A67D030002C4025 /* Sources */ = {
			isa = PBXSourcesBuildPhase;
			buildActionMask = 2147483647;
			files = (
				84FF60822A695E66002508F9 /* EpisodeStore.swift in Sources */,
				8431486D2A67D030002C4025 /* CS193pSmallWidget.swift in Sources */,
				84FF607B2A6951D8002508F9 /* Episode.swift in Sources */,
				84FF607E2A695412002508F9 /* PlayButtonIcon.swift in Sources */,
				84FF608A2A6966B1002508F9 /* FormatterExtension.swift in Sources */,
				84FF60882A6966B1002508F9 /* VideoURL.swift in Sources */,
				8431486B2A67D030002C4025 /* CS193pWidgetBundle.swift in Sources */,
				84FF60842A695E66002508F9 /* URLComponentsExtension.swift in Sources */,
				AF3A6CFB2A6B8224004A6C30 /* CS193pWidgetConfigurations.intentdefinition in Sources */,
			);
			runOnlyForDeploymentPostprocessing = 0;
		};
		AF3A6CE32A6ADE11004A6C30 /* Sources */ = {
			isa = PBXSourcesBuildPhase;
			buildActionMask = 2147483647;
			files = (
				AF3A6CFC2A6B8224004A6C30 /* CS193pWidgetConfigurations.intentdefinition in Sources */,
				AF3A6CEB2A6ADE11004A6C30 /* IntentHandler.swift in Sources */,
			);
			runOnlyForDeploymentPostprocessing = 0;
		};
		AFB16FA929B7585400C54CDF /* Sources */ = {
			isa = PBXSourcesBuildPhase;
			buildActionMask = 2147483647;
			files = (
				AFA7D0112A61AFC7000D6AC9 /* Hike.swift in Sources */,
				842A26C42A651ECA007E276B /* PageView.swift in Sources */,
				84C2AB872A6149C80086FCDE /* HexagonParameters.swift in Sources */,
				84FF607D2A695412002508F9 /* PlayButtonIcon.swift in Sources */,
				AFB16FB329B7585400C54CDF /* ContentView.swift in Sources */,
				AFB16FB129B7585400C54CDF /* CS193pApp.swift in Sources */,
				AF635CC22A643C5A0055D456 /* CategoryHome.swift in Sources */,
				84FF60832A695E66002508F9 /* URLComponentsExtension.swift in Sources */,
				AFA7D0182A61B19A000D6AC9 /* HikeGraph.swift in Sources */,
				842A26BB2A64EAEE007E276B /* HikeBadge.swift in Sources */,
				842A26C72A6534B9007E276B /* PageControl.swift in Sources */,
				84FF60892A6966B1002508F9 /* FormatterExtension.swift in Sources */,
				AF3E349F2A643FEB00C89AF7 /* CategoryRow.swift in Sources */,
				845491482A5FA92700DEA382 /* MapView.swift in Sources */,
				AF3A6CFA2A6B8224004A6C30 /* CS193pWidgetConfigurations.intentdefinition in Sources */,
				84C2AB802A612B7D0086FCDE /* FavoriteButton.swift in Sources */,
				842A26C22A651C5B007E276B /* FeatureCard.swift in Sources */,
				84FF607A2A6951D8002508F9 /* Episode.swift in Sources */,
				84C2AB7C2A60F84F0086FCDE /* LandmarkList.swift in Sources */,
				AF3E34A12A64426700C89AF7 /* CategoryItem.swift in Sources */,
				842A26B92A64E861007E276B /* ProfileSummary.swift in Sources */,
				84FF60872A6966B1002508F9 /* VideoURL.swift in Sources */,
				842A26BD2A650C8E007E276B /* ProfileEditor.swift in Sources */,
				84FF60812A695E66002508F9 /* EpisodeStore.swift in Sources */,
				842A26B72A64E7C9007E276B /* ProfilHost.swift in Sources */,
				84C2AB7E2A60FD4F0086FCDE /* LandmarkDetail.swift in Sources */,
				84C2AB8C2A6156130086FCDE /* BadgeSymbol.swift in Sources */,
				84C2AB8E2A615DDC0086FCDE /* RotatedBadgeSymbol.swift in Sources */,
				84C2AB902A615E7F0086FCDE /* Badge.swift in Sources */,
				84C2AB852A613F1E0086FCDE /* ViewExtension.swift in Sources */,
				842A26B52A64E6F7007E276B /* Profile.swift in Sources */,
				842A26BF2A6519B1007E276B /* PageViewController.swift in Sources */,
				84C2AB8A2A614A410086FCDE /* BadgeBackground.swift in Sources */,
				8454914C2A5FC86700DEA382 /* Model.swift in Sources */,
				AFA7D0172A61B19A000D6AC9 /* GraphCapsule.swift in Sources */,
				AFA7D01A2A61B19A000D6AC9 /* HikeView.swift in Sources */,
				845491462A5FA70700DEA382 /* CircleImage.swift in Sources */,
				8454916B2A5FCB2A00DEA382 /* LandmarkRow.swift in Sources */,
				8454914A2A5FC61F00DEA382 /* Landmark.swift in Sources */,
				AFA7D0192A61B19A000D6AC9 /* HikeDetail.swift in Sources */,
			);
			runOnlyForDeploymentPostprocessing = 0;
		};
/* End PBXSourcesBuildPhase section */

/* Begin PBXTargetDependency section */
		843148722A67D031002C4025 /* PBXTargetDependency */ = {
			isa = PBXTargetDependency;
			target = 843148652A67D030002C4025 /* CS193pWidgetExtension */;
			targetProxy = 843148712A67D031002C4025 /* PBXContainerItemProxy */;
		};
		AF3A6CEE2A6ADE11004A6C30 /* PBXTargetDependency */ = {
			isa = PBXTargetDependency;
			target = AF3A6CE62A6ADE11004A6C30 /* CS193Intent */;
			targetProxy = AF3A6CED2A6ADE11004A6C30 /* PBXContainerItemProxy */;
		};
/* End PBXTargetDependency section */

/* Begin XCBuildConfiguration section */
		843148752A67D031002C4025 /* Debug */ = {
			isa = XCBuildConfiguration;
			buildSettings = {
				ASSETCATALOG_COMPILER_GLOBAL_ACCENT_COLOR_NAME = AccentColor;
				ASSETCATALOG_COMPILER_WIDGET_BACKGROUND_COLOR_NAME = WidgetBackground;
				CODE_SIGN_ENTITLEMENTS = CS193pWidgetExtension.entitlements;
				CODE_SIGN_IDENTITY = "Apple Development";
				CODE_SIGN_STYLE = Automatic;
				CURRENT_PROJECT_VERSION = 1;
				DEVELOPMENT_TEAM = NW3KV7KHV6;
				GENERATE_INFOPLIST_FILE = YES;
				INFOPLIST_FILE = CS193pWidget/Info.plist;
				INFOPLIST_KEY_CFBundleDisplayName = CS193pWidget;
				INFOPLIST_KEY_NSHumanReadableCopyright = "";
				IPHONEOS_DEPLOYMENT_TARGET = 16.4;
				LD_RUNPATH_SEARCH_PATHS = (
					"$(inherited)",
					"@executable_path/Frameworks",
					"@executable_path/../../Frameworks",
				);
				MARKETING_VERSION = 1.0;
				PRODUCT_BUNDLE_IDENTIFIER = test.tp.tpcleanerpro.pro.widget;
				PRODUCT_NAME = "$(TARGET_NAME)";
				PROVISIONING_PROFILE_SPECIFIER = "";
				SKIP_INSTALL = YES;
				SWIFT_EMIT_LOC_STRINGS = YES;
				SWIFT_VERSION = 5.0;
				TARGETED_DEVICE_FAMILY = "1,2";
			};
			name = Debug;
		};
		843148762A67D031002C4025 /* Release */ = {
			isa = XCBuildConfiguration;
			buildSettings = {
				ASSETCATALOG_COMPILER_GLOBAL_ACCENT_COLOR_NAME = AccentColor;
				ASSETCATALOG_COMPILER_WIDGET_BACKGROUND_COLOR_NAME = WidgetBackground;
				CODE_SIGN_ENTITLEMENTS = CS193pWidgetExtension.entitlements;
				CODE_SIGN_IDENTITY = "Apple Development";
				CODE_SIGN_STYLE = Automatic;
				CURRENT_PROJECT_VERSION = 1;
				DEVELOPMENT_TEAM = NW3KV7KHV6;
				GENERATE_INFOPLIST_FILE = YES;
				INFOPLIST_FILE = CS193pWidget/Info.plist;
				INFOPLIST_KEY_CFBundleDisplayName = CS193pWidget;
				INFOPLIST_KEY_NSHumanReadableCopyright = "";
				IPHONEOS_DEPLOYMENT_TARGET = 16.4;
				LD_RUNPATH_SEARCH_PATHS = (
					"$(inherited)",
					"@executable_path/Frameworks",
					"@executable_path/../../Frameworks",
				);
				MARKETING_VERSION = 1.0;
				PRODUCT_BUNDLE_IDENTIFIER = test.tp.tpcleanerpro.pro.widget;
				PRODUCT_NAME = "$(TARGET_NAME)";
				PROVISIONING_PROFILE_SPECIFIER = "";
				SKIP_INSTALL = YES;
				SWIFT_EMIT_LOC_STRINGS = YES;
				SWIFT_VERSION = 5.0;
				TARGETED_DEVICE_FAMILY = "1,2";
			};
			name = Release;
		};
		AF3A6CF12A6ADE11004A6C30 /* Debug */ = {
			isa = XCBuildConfiguration;
			buildSettings = {
				CODE_SIGN_IDENTITY = "Apple Development";
				CODE_SIGN_STYLE = Automatic;
				CURRENT_PROJECT_VERSION = 1;
				DEVELOPMENT_TEAM = NW3KV7KHV6;
				GENERATE_INFOPLIST_FILE = YES;
				INFOPLIST_FILE = CS193Intent/Info.plist;
				INFOPLIST_KEY_CFBundleDisplayName = CS193Intent;
				INFOPLIST_KEY_NSHumanReadableCopyright = "";
				IPHONEOS_DEPLOYMENT_TARGET = 16.2;
				LD_RUNPATH_SEARCH_PATHS = (
					"$(inherited)",
					"@executable_path/Frameworks",
					"@executable_path/../../Frameworks",
				);
				MARKETING_VERSION = 1.0;
				PRODUCT_BUNDLE_IDENTIFIER = test.tp.tpcleanerpro.pro.CS193Intent;
				PRODUCT_NAME = "$(TARGET_NAME)";
				SKIP_INSTALL = YES;
				SWIFT_EMIT_LOC_STRINGS = YES;
				SWIFT_VERSION = 5.0;
				TARGETED_DEVICE_FAMILY = "1,2";
			};
			name = Debug;
		};
		AF3A6CF22A6ADE11004A6C30 /* Release */ = {
			isa = XCBuildConfiguration;
			buildSettings = {
				CODE_SIGN_IDENTITY = "Apple Development";
				CODE_SIGN_STYLE = Automatic;
				CURRENT_PROJECT_VERSION = 1;
				DEVELOPMENT_TEAM = NW3KV7KHV6;
				GENERATE_INFOPLIST_FILE = YES;
				INFOPLIST_FILE = CS193Intent/Info.plist;
				INFOPLIST_KEY_CFBundleDisplayName = CS193Intent;
				INFOPLIST_KEY_NSHumanReadableCopyright = "";
				IPHONEOS_DEPLOYMENT_TARGET = 16.2;
				LD_RUNPATH_SEARCH_PATHS = (
					"$(inherited)",
					"@executable_path/Frameworks",
					"@executable_path/../../Frameworks",
				);
				MARKETING_VERSION = 1.0;
				PRODUCT_BUNDLE_IDENTIFIER = test.tp.tpcleanerpro.pro.CS193Intent;
				PRODUCT_NAME = "$(TARGET_NAME)";
				SKIP_INSTALL = YES;
				SWIFT_EMIT_LOC_STRINGS = YES;
				SWIFT_VERSION = 5.0;
				TARGETED_DEVICE_FAMILY = "1,2";
			};
			name = Release;
		};
		AFB16FB929B7585500C54CDF /* Debug */ = {
			isa = XCBuildConfiguration;
			buildSettings = {
				ALWAYS_SEARCH_USER_PATHS = NO;
				CLANG_ANALYZER_NONNULL = YES;
				CLANG_ANALYZER_NUMBER_OBJECT_CONVERSION = YES_AGGRESSIVE;
				CLANG_CXX_LANGUAGE_STANDARD = "gnu++20";
				CLANG_ENABLE_MODULES = YES;
				CLANG_ENABLE_OBJC_ARC = YES;
				CLANG_ENABLE_OBJC_WEAK = YES;
				CLANG_WARN_BLOCK_CAPTURE_AUTORELEASING = YES;
				CLANG_WARN_BOOL_CONVERSION = YES;
				CLANG_WARN_COMMA = YES;
				CLANG_WARN_CONSTANT_CONVERSION = YES;
				CLANG_WARN_DEPRECATED_OBJC_IMPLEMENTATIONS = YES;
				CLANG_WARN_DIRECT_OBJC_ISA_USAGE = YES_ERROR;
				CLANG_WARN_DOCUMENTATION_COMMENTS = YES;
				CLANG_WARN_EMPTY_BODY = YES;
				CLANG_WARN_ENUM_CONVERSION = YES;
				CLANG_WARN_INFINITE_RECURSION = YES;
				CLANG_WARN_INT_CONVERSION = YES;
				CLANG_WARN_NON_LITERAL_NULL_CONVERSION = YES;
				CLANG_WARN_OBJC_IMPLICIT_RETAIN_SELF = YES;
				CLANG_WARN_OBJC_LITERAL_CONVERSION = YES;
				CLANG_WARN_OBJC_ROOT_CLASS = YES_ERROR;
				CLANG_WARN_QUOTED_INCLUDE_IN_FRAMEWORK_HEADER = YES;
				CLANG_WARN_RANGE_LOOP_ANALYSIS = YES;
				CLANG_WARN_STRICT_PROTOTYPES = YES;
				CLANG_WARN_SUSPICIOUS_MOVE = YES;
				CLANG_WARN_UNGUARDED_AVAILABILITY = YES_AGGRESSIVE;
				CLANG_WARN_UNREACHABLE_CODE = YES;
				CLANG_WARN__DUPLICATE_METHOD_MATCH = YES;
				COPY_PHASE_STRIP = NO;
				DEBUG_INFORMATION_FORMAT = dwarf;
				ENABLE_STRICT_OBJC_MSGSEND = YES;
				ENABLE_TESTABILITY = YES;
				GCC_C_LANGUAGE_STANDARD = gnu11;
				GCC_DYNAMIC_NO_PIC = NO;
				GCC_NO_COMMON_BLOCKS = YES;
				GCC_OPTIMIZATION_LEVEL = 0;
				GCC_PREPROCESSOR_DEFINITIONS = (
					"DEBUG=1",
					"$(inherited)",
				);
				GCC_WARN_64_TO_32_BIT_CONVERSION = YES;
				GCC_WARN_ABOUT_RETURN_TYPE = YES_ERROR;
				GCC_WARN_UNDECLARED_SELECTOR = YES;
				GCC_WARN_UNINITIALIZED_AUTOS = YES_AGGRESSIVE;
				GCC_WARN_UNUSED_FUNCTION = YES;
				GCC_WARN_UNUSED_VARIABLE = YES;
				IPHONEOS_DEPLOYMENT_TARGET = 14.0;
				MTL_ENABLE_DEBUG_INFO = INCLUDE_SOURCE;
				MTL_FAST_MATH = YES;
				ONLY_ACTIVE_ARCH = YES;
				SDKROOT = iphoneos;
				SWIFT_ACTIVE_COMPILATION_CONDITIONS = DEBUG;
				SWIFT_OPTIMIZATION_LEVEL = "-Onone";
			};
			name = Debug;
		};
		AFB16FBA29B7585500C54CDF /* Release */ = {
			isa = XCBuildConfiguration;
			buildSettings = {
				ALWAYS_SEARCH_USER_PATHS = NO;
				CLANG_ANALYZER_NONNULL = YES;
				CLANG_ANALYZER_NUMBER_OBJECT_CONVERSION = YES_AGGRESSIVE;
				CLANG_CXX_LANGUAGE_STANDARD = "gnu++20";
				CLANG_ENABLE_MODULES = YES;
				CLANG_ENABLE_OBJC_ARC = YES;
				CLANG_ENABLE_OBJC_WEAK = YES;
				CLANG_WARN_BLOCK_CAPTURE_AUTORELEASING = YES;
				CLANG_WARN_BOOL_CONVERSION = YES;
				CLANG_WARN_COMMA = YES;
				CLANG_WARN_CONSTANT_CONVERSION = YES;
				CLANG_WARN_DEPRECATED_OBJC_IMPLEMENTATIONS = YES;
				CLANG_WARN_DIRECT_OBJC_ISA_USAGE = YES_ERROR;
				CLANG_WARN_DOCUMENTATION_COMMENTS = YES;
				CLANG_WARN_EMPTY_BODY = YES;
				CLANG_WARN_ENUM_CONVERSION = YES;
				CLANG_WARN_INFINITE_RECURSION = YES;
				CLANG_WARN_INT_CONVERSION = YES;
				CLANG_WARN_NON_LITERAL_NULL_CONVERSION = YES;
				CLANG_WARN_OBJC_IMPLICIT_RETAIN_SELF = YES;
				CLANG_WARN_OBJC_LITERAL_CONVERSION = YES;
				CLANG_WARN_OBJC_ROOT_CLASS = YES_ERROR;
				CLANG_WARN_QUOTED_INCLUDE_IN_FRAMEWORK_HEADER = YES;
				CLANG_WARN_RANGE_LOOP_ANALYSIS = YES;
				CLANG_WARN_STRICT_PROTOTYPES = YES;
				CLANG_WARN_SUSPICIOUS_MOVE = YES;
				CLANG_WARN_UNGUARDED_AVAILABILITY = YES_AGGRESSIVE;
				CLANG_WARN_UNREACHABLE_CODE = YES;
				CLANG_WARN__DUPLICATE_METHOD_MATCH = YES;
				COPY_PHASE_STRIP = NO;
				DEBUG_INFORMATION_FORMAT = "dwarf-with-dsym";
				ENABLE_NS_ASSERTIONS = NO;
				ENABLE_STRICT_OBJC_MSGSEND = YES;
				GCC_C_LANGUAGE_STANDARD = gnu11;
				GCC_NO_COMMON_BLOCKS = YES;
				GCC_WARN_64_TO_32_BIT_CONVERSION = YES;
				GCC_WARN_ABOUT_RETURN_TYPE = YES_ERROR;
				GCC_WARN_UNDECLARED_SELECTOR = YES;
				GCC_WARN_UNINITIALIZED_AUTOS = YES_AGGRESSIVE;
				GCC_WARN_UNUSED_FUNCTION = YES;
				GCC_WARN_UNUSED_VARIABLE = YES;
				IPHONEOS_DEPLOYMENT_TARGET = 14.0;
				MTL_ENABLE_DEBUG_INFO = NO;
				MTL_FAST_MATH = YES;
				SDKROOT = iphoneos;
				SWIFT_COMPILATION_MODE = wholemodule;
				SWIFT_OPTIMIZATION_LEVEL = "-O";
				VALIDATE_PRODUCT = YES;
			};
			name = Release;
		};
		AFB16FBC29B7585500C54CDF /* Debug */ = {
			isa = XCBuildConfiguration;
			buildSettings = {
				ALWAYS_EMBED_SWIFT_STANDARD_LIBRARIES = YES;
				ASSETCATALOG_COMPILER_APPICON_NAME = AppIcon;
				ASSETCATALOG_COMPILER_GLOBAL_ACCENT_COLOR_NAME = AccentColor;
				CODE_SIGN_ENTITLEMENTS = CS193p/CS193p.entitlements;
				CODE_SIGN_IDENTITY = "Apple Development";
				CODE_SIGN_STYLE = Automatic;
				CURRENT_PROJECT_VERSION = 1;
				DEVELOPMENT_ASSET_PATHS = "\"CS193p/Preview Content\"";
				DEVELOPMENT_TEAM = NW3KV7KHV6;
				ENABLE_PREVIEWS = YES;
				GENERATE_INFOPLIST_FILE = YES;
				INFOPLIST_FILE = CS193p/Info.plist;
				INFOPLIST_KEY_UIApplicationSceneManifest_Generation = YES;
				INFOPLIST_KEY_UIApplicationSupportsIndirectInputEvents = YES;
				INFOPLIST_KEY_UILaunchScreen_Generation = YES;
				INFOPLIST_KEY_UISupportedInterfaceOrientations_iPad = "UIInterfaceOrientationPortrait UIInterfaceOrientationPortraitUpsideDown UIInterfaceOrientationLandscapeLeft UIInterfaceOrientationLandscapeRight";
				INFOPLIST_KEY_UISupportedInterfaceOrientations_iPhone = "UIInterfaceOrientationPortrait UIInterfaceOrientationLandscapeLeft UIInterfaceOrientationLandscapeRight";
				IPHONEOS_DEPLOYMENT_TARGET = 14.0;
				LD_RUNPATH_SEARCH_PATHS = (
					"$(inherited)",
					"@executable_path/Frameworks",
				);
				MARKETING_VERSION = 1.0;
				PRODUCT_BUNDLE_IDENTIFIER = test.tp.tpcleanerpro.pro;
				PRODUCT_NAME = "$(TARGET_NAME)";
				PROVISIONING_PROFILE_SPECIFIER = "";
				SWIFT_EMIT_LOC_STRINGS = YES;
				SWIFT_VERSION = 5.0;
				TARGETED_DEVICE_FAMILY = "1,2";
			};
			name = Debug;
		};
		AFB16FBD29B7585500C54CDF /* Release */ = {
			isa = XCBuildConfiguration;
			buildSettings = {
				ALWAYS_EMBED_SWIFT_STANDARD_LIBRARIES = YES;
				ASSETCATALOG_COMPILER_APPICON_NAME = AppIcon;
				ASSETCATALOG_COMPILER_GLOBAL_ACCENT_COLOR_NAME = AccentColor;
				CODE_SIGN_ENTITLEMENTS = CS193p/CS193p.entitlements;
				CODE_SIGN_IDENTITY = "Apple Development";
				CODE_SIGN_STYLE = Automatic;
				CURRENT_PROJECT_VERSION = 1;
				DEVELOPMENT_ASSET_PATHS = "\"CS193p/Preview Content\"";
				DEVELOPMENT_TEAM = NW3KV7KHV6;
				ENABLE_PREVIEWS = YES;
				GENERATE_INFOPLIST_FILE = YES;
				INFOPLIST_FILE = CS193p/Info.plist;
				INFOPLIST_KEY_UIApplicationSceneManifest_Generation = YES;
				INFOPLIST_KEY_UIApplicationSupportsIndirectInputEvents = YES;
				INFOPLIST_KEY_UILaunchScreen_Generation = YES;
				INFOPLIST_KEY_UISupportedInterfaceOrientations_iPad = "UIInterfaceOrientationPortrait UIInterfaceOrientationPortraitUpsideDown UIInterfaceOrientationLandscapeLeft UIInterfaceOrientationLandscapeRight";
				INFOPLIST_KEY_UISupportedInterfaceOrientations_iPhone = "UIInterfaceOrientationPortrait UIInterfaceOrientationLandscapeLeft UIInterfaceOrientationLandscapeRight";
				IPHONEOS_DEPLOYMENT_TARGET = 14.0;
				LD_RUNPATH_SEARCH_PATHS = (
					"$(inherited)",
					"@executable_path/Frameworks",
				);
				MARKETING_VERSION = 1.0;
				PRODUCT_BUNDLE_IDENTIFIER = test.tp.tpcleanerpro.pro;
				PRODUCT_NAME = "$(TARGET_NAME)";
				PROVISIONING_PROFILE_SPECIFIER = "";
				SWIFT_EMIT_LOC_STRINGS = YES;
				SWIFT_VERSION = 5.0;
				TARGETED_DEVICE_FAMILY = "1,2";
			};
			name = Release;
		};
/* End XCBuildConfiguration section */

/* Begin XCConfigurationList section */
		843148742A67D031002C4025 /* Build configuration list for PBXNativeTarget "CS193pWidgetExtension" */ = {
			isa = XCConfigurationList;
			buildConfigurations = (
				843148752A67D031002C4025 /* Debug */,
				843148762A67D031002C4025 /* Release */,
			);
			defaultConfigurationIsVisible = 0;
			defaultConfigurationName = Release;
		};
		AF3A6CF02A6ADE11004A6C30 /* Build configuration list for PBXNativeTarget "CS193Intent" */ = {
			isa = XCConfigurationList;
			buildConfigurations = (
				AF3A6CF12A6ADE11004A6C30 /* Debug */,
				AF3A6CF22A6ADE11004A6C30 /* Release */,
			);
			defaultConfigurationIsVisible = 0;
			defaultConfigurationName = Release;
		};
		AFB16FA829B7585400C54CDF /* Build configuration list for PBXProject "CS193p" */ = {
			isa = XCConfigurationList;
			buildConfigurations = (
				AFB16FB929B7585500C54CDF /* Debug */,
				AFB16FBA29B7585500C54CDF /* Release */,
			);
			defaultConfigurationIsVisible = 0;
			defaultConfigurationName = Release;
		};
		AFB16FBB29B7585500C54CDF /* Build configuration list for PBXNativeTarget "CS193p" */ = {
			isa = XCConfigurationList;
			buildConfigurations = (
				AFB16FBC29B7585500C54CDF /* Debug */,
				AFB16FBD29B7585500C54CDF /* Release */,
			);
			defaultConfigurationIsVisible = 0;
			defaultConfigurationName = Release;
		};
/* End XCConfigurationList section */
	};
	rootObject = AFB16FA529B7585400C54CDF /* Project object */;
}
